
Microsoft Visual Studio Solution File, Format Version 12.00
# Visual Studio Version 17
VisualStudioVersion = 17.1.32319.34
MinimumVisualStudioVersion = 10.0.40219.1
Project("{9A19103F-16F7-4668-BE54-9A1E7A4F7556}") = "SpartanViewers", "ViewerTwitch\SpartanViewers.csproj", "{4B39DFBE-2CC0-4C7A-807A-CED1E03DB6C1}"
EndProject
Global
	GlobalSection(SolutionConfigurationPlatforms) = preSolution
		Debug|Any CPU = Debug|Any CPU
		Release|Any CPU = Release|Any CPU
	EndGlobalSection
	GlobalSection(ProjectConfigurationPlatforms) = postSolution
		{4B39DFBE-2CC0-4C7A-807A-CED1E03DB6C1}.Debug|Any CPU.ActiveCfg = Debug|Any CPU
		{4B39DFBE-2CC0-4C7A-807A-CED1E03DB6C1}.Debug|Any CPU.Build.0 = Debug|Any CPU
		{4B39DFBE-2CC0-4C7A-807A-CED1E03DB6C1}.Release|Any CPU.ActiveCfg = Release|Any CPU
		{4B39DFBE-2CC0-4C7A-807A-CED1E03DB6C1}.Release|Any CPU.Build.0 = Release|Any CPU
	EndGlobalSection
	GlobalSection(SolutionProperties) = preSolution
		HideSolutionNode = FALSE
	EndGlobalSection
	GlobalSection(ExtensibilityGlobals) = postSolution
		SolutionGuid = {E4301577-CBB1-43FA-9EB9-3482AE6D22E0}
	EndGlobalSection
EndGlobal
